
Microsoft Visual Studio Solution File, Format Version 12.00
# Visual Studio 14
VisualStudioVersion = 14.0.25420.1
MinimumVisualStudioVersion = 10.0.40219.1
Project("{8BC9CEB8-8B4A-11D0-8D11-00A0C91BC942}") = "Backpack", "Backpack\Backpack.vcxproj", "{9A979D60-E2CE-45EA-BCC9-F9937A25E251}"
EndProject
Project("{8BC9CEB8-8B4A-11D0-8D11-00A0C91BC942}") = "Backpack2", "Backpack2\Backpack2.vcxproj", "{D3D5E0AC-F19C-4ED7-B4D5-9E1B5B6F30BF}"
EndProject
Project("{8BC9CEB8-8B4A-11D0-8D11-00A0C91BC942}") = "MinCoins_Dynamic", "MinCoins\MinCoins.vcxproj", "{C6398414-F709-49F7-80F4-21D1042FDB50}"
EndProject
Project("{8BC9CEB8-8B4A-11D0-8D11-00A0C91BC942}") = "MinCoins_Full", "MinCoins2\MinCoins2.vcxproj", "{A8BEF5DE-6BC1-4C8C-ABD8-BF6100B4B448}"
EndProject
Project("{2150E333-8FDC-42A3-9474-1A3956D46DE8}") = "MinCoins", "MinCoins", "{04013FA8-3CE3-4599-8323-4AC00DCBEF60}"
EndProject
Project("{2150E333-8FDC-42A3-9474-1A3956D46DE8}") = "BackpackProblems", "BackpackProblems", "{E33962FB-2D78-4F0E-9283-212BD14DF565}"
EndProject
Project("{2150E333-8FDC-42A3-9474-1A3956D46DE8}") = "Cargo", "Cargo", "{E30FDCC4-BF84-4D47-9673-2596CF44AD7B}"
EndProject
Project("{8BC9CEB8-8B4A-11D0-8D11-00A0C91BC942}") = "Cargo_Iterative", "Cargo\Cargo.vcxproj", "{E59BAFF8-1DF7-4F65-BE6B-D9AD78AEDEA3}"
EndProject
Project("{8BC9CEB8-8B4A-11D0-8D11-00A0C91BC942}") = "Cargo_Recursive", "Cargo_Recursive\Cargo_Recursive.vcxproj", "{20BF3C33-9EBC-42DD-AA02-9DA23BC12649}"
EndProject
Global
	GlobalSection(SolutionConfigurationPlatforms) = preSolution
		Debug|x64 = Debug|x64
		Debug|x86 = Debug|x86
		Release|x64 = Release|x64
		Release|x86 = Release|x86
	EndGlobalSection
	GlobalSection(ProjectConfigurationPlatforms) = postSolution
		{9A979D60-E2CE-45EA-BCC9-F9937A25E251}.Debug|x64.ActiveCfg = Debug|x64
		{9A979D60-E2CE-45EA-BCC9-F9937A25E251}.Debug|x64.Build.0 = Debug|x64
		{9A979D60-E2CE-45EA-BCC9-F9937A25E251}.Debug|x86.ActiveCfg = Debug|Win32
		{9A979D60-E2CE-45EA-BCC9-F9937A25E251}.Debug|x86.Build.0 = Debug|Win32
		{9A979D60-E2CE-45EA-BCC9-F9937A25E251}.Release|x64.ActiveCfg = Release|x64
		{9A979D60-E2CE-45EA-BCC9-F9937A25E251}.Release|x64.Build.0 = Release|x64
		{9A979D60-E2CE-45EA-BCC9-F9937A25E251}.Release|x86.ActiveCfg = Release|Win32
		{9A979D60-E2CE-45EA-BCC9-F9937A25E251}.Release|x86.Build.0 = Release|Win32
		{D3D5E0AC-F19C-4ED7-B4D5-9E1B5B6F30BF}.Debug|x64.ActiveCfg = Debug|x64
		{D3D5E0AC-F19C-4ED7-B4D5-9E1B5B6F30BF}.Debug|x64.Build.0 = Debug|x64
		{D3D5E0AC-F19C-4ED7-B4D5-9E1B5B6F30BF}.Debug|x86.ActiveCfg = Debug|Win32
		{D3D5E0AC-F19C-4ED7-B4D5-9E1B5B6F30BF}.Debug|x86.Build.0 = Debug|Win32
		{D3D5E0AC-F19C-4ED7-B4D5-9E1B5B6F30BF}.Release|x64.ActiveCfg = Release|x64
		{D3D5E0AC-F19C-4ED7-B4D5-9E1B5B6F30BF}.Release|x64.Build.0 = Release|x64
		{D3D5E0AC-F19C-4ED7-B4D5-9E1B5B6F30BF}.Release|x86.ActiveCfg = Release|Win32
		{D3D5E0AC-F19C-4ED7-B4D5-9E1B5B6F30BF}.Release|x86.Build.0 = Release|Win32
		{C6398414-F709-49F7-80F4-21D1042FDB50}.Debug|x64.ActiveCfg = Debug|x64
		{C6398414-F709-49F7-80F4-21D1042FDB50}.Debug|x64.Build.0 = Debug|x64
		{C6398414-F709-49F7-80F4-21D1042FDB50}.Debug|x86.ActiveCfg = Debug|Win32
		{C6398414-F709-49F7-80F4-21D1042FDB50}.Debug|x86.Build.0 = Debug|Win32
		{C6398414-F709-49F7-80F4-21D1042FDB50}.Release|x64.ActiveCfg = Release|x64
		{C6398414-F709-49F7-80F4-21D1042FDB50}.Release|x64.Build.0 = Release|x64
		{C6398414-F709-49F7-80F4-21D1042FDB50}.Release|x86.ActiveCfg = Release|Win32
		{C6398414-F709-49F7-80F4-21D1042FDB50}.Release|x86.Build.0 = Release|Win32
		{A8BEF5DE-6BC1-4C8C-ABD8-BF6100B4B448}.Debug|x64.ActiveCfg = Debug|x64
		{A8BEF5DE-6BC1-4C8C-ABD8-BF6100B4B448}.Debug|x64.Build.0 = Debug|x64
		{A8BEF5DE-6BC1-4C8C-ABD8-BF6100B4B448}.Debug|x86.ActiveCfg = Debug|Win32
		{A8BEF5DE-6BC1-4C8C-ABD8-BF6100B4B448}.Debug|x86.Build.0 = Debug|Win32
		{A8BEF5DE-6BC1-4C8C-ABD8-BF6100B4B448}.Release|x64.ActiveCfg = Release|x64
		{A8BEF5DE-6BC1-4C8C-ABD8-BF6100B4B448}.Release|x64.Build.0 = Release|x64
		{A8BEF5DE-6BC1-4C8C-ABD8-BF6100B4B448}.Release|x86.ActiveCfg = Release|Win32
		{A8BEF5DE-6BC1-4C8C-ABD8-BF6100B4B448}.Release|x86.Build.0 = Release|Win32
		{E59BAFF8-1DF7-4F65-BE6B-D9AD78AEDEA3}.Debug|x64.ActiveCfg = Debug|x64
		{E59BAFF8-1DF7-4F65-BE6B-D9AD78AEDEA3}.Debug|x64.Build.0 = Debug|x64
		{E59BAFF8-1DF7-4F65-BE6B-D9AD78AEDEA3}.Debug|x86.ActiveCfg = Debug|Win32
		{E59BAFF8-1DF7-4F65-BE6B-D9AD78AEDEA3}.Debug|x86.Build.0 = Debug|Win32
		{E59BAFF8-1DF7-4F65-BE6B-D9AD78AEDEA3}.Release|x64.ActiveCfg = Release|x64
		{E59BAFF8-1DF7-4F65-BE6B-D9AD78AEDEA3}.Release|x64.Build.0 = Release|x64
		{E59BAFF8-1DF7-4F65-BE6B-D9AD78AEDEA3}.Release|x86.ActiveCfg = Release|Win32
		{E59BAFF8-1DF7-4F65-BE6B-D9AD78AEDEA3}.Release|x86.Build.0 = Release|Win32
		{20BF3C33-9EBC-42DD-AA02-9DA23BC12649}.Debug|x64.ActiveCfg = Debug|x64
		{20BF3C33-9EBC-42DD-AA02-9DA23BC12649}.Debug|x64.Build.0 = Debug|x64
		{20BF3C33-9EBC-42DD-AA02-9DA23BC12649}.Debug|x86.ActiveCfg = Debug|Win32
		{20BF3C33-9EBC-42DD-AA02-9DA23BC12649}.Debug|x86.Build.0 = Debug|Win32
		{20BF3C33-9EBC-42DD-AA02-9DA23BC12649}.Release|x64.ActiveCfg = Release|x64
		{20BF3C33-9EBC-42DD-AA02-9DA23BC12649}.Release|x64.Build.0 = Release|x64
		{20BF3C33-9EBC-42DD-AA02-9DA23BC12649}.Release|x86.ActiveCfg = Release|Win32
		{20BF3C33-9EBC-42DD-AA02-9DA23BC12649}.Release|x86.Build.0 = Release|Win32
	EndGlobalSection
	GlobalSection(SolutionProperties) = preSolution
		HideSolutionNode = FALSE
	EndGlobalSection
	GlobalSection(NestedProjects) = preSolution
		{9A979D60-E2CE-45EA-BCC9-F9937A25E251} = {E33962FB-2D78-4F0E-9283-212BD14DF565}
		{D3D5E0AC-F19C-4ED7-B4D5-9E1B5B6F30BF} = {E33962FB-2D78-4F0E-9283-212BD14DF565}
		{C6398414-F709-49F7-80F4-21D1042FDB50} = {04013FA8-3CE3-4599-8323-4AC00DCBEF60}
		{A8BEF5DE-6BC1-4C8C-ABD8-BF6100B4B448} = {04013FA8-3CE3-4599-8323-4AC00DCBEF60}
		{E59BAFF8-1DF7-4F65-BE6B-D9AD78AEDEA3} = {E30FDCC4-BF84-4D47-9673-2596CF44AD7B}
		{20BF3C33-9EBC-42DD-AA02-9DA23BC12649} = {E30FDCC4-BF84-4D47-9673-2596CF44AD7B}
	EndGlobalSection
EndGlobal
